{
  "requires": true,
  "lockfileVersion": 1,
  "dependencies": {
    "d3-array": {
      "version": "1.2.4",
      "resolved": "https://registry.npmjs.org/d3-array/-/d3-array-1.2.4.tgz",
      "integrity": "sha512-KHW6M86R+FUPYGb3R5XiYjXPq7VzwxZ22buHhAEVG5ztoEcZZMLov530mmccaqA1GghZArjQV46fuc8kUqhhHw=="
    },
    "d3-collection": {
      "version": "1.0.7",
      "resolved": "https://registry.npmjs.org/d3-collection/-/d3-collection-1.0.7.tgz",
      "integrity": "sha512-ii0/r5f4sjKNTfh84Di+DpztYwqKhEyUlKoPrzUFfeSkWxjW49xU2QzO9qrPrNkpdI0XJkfzvmTu8V2Zylln6A=="
    },
    "d3-color": {
      "version": "1.4.1",
      "resolved": "https://registry.npmjs.org/d3-color/-/d3-color-1.4.1.tgz",
      "integrity": "sha512-p2sTHSLCJI2QKunbGb7ocOh7DgTAn8IrLx21QRc/BSnodXM4sv6aLQlnfpvehFMLZEfBc6g9pH9SWQccFYfJ9Q=="
    },
    "d3-ease": {
      "version": "1.0.7",
      "resolved": "https://registry.npmjs.org/d3-ease/-/d3-ease-1.0.7.tgz",
      "integrity": "sha512-lx14ZPYkhNx0s/2HX5sLFUI3mbasHjSSpwO/KaaNACweVwxUruKyWVcb293wMv1RqTPZyZ8kSZ2NogUZNcLOFQ=="
    },
    "d3-format": {
      "version": "1.4.5",
      "resolved": "https://registry.npmjs.org/d3-format/-/d3-format-1.4.5.tgz",
      "integrity": "sha512-J0piedu6Z8iB6TbIGfZgDzfXxUFN3qQRMofy2oPdXzQibYGqPB/9iMcxr/TGalU+2RsyDO+U4f33id8tbnSRMQ=="
    },
    "d3-interpolate": {
      "version": "1.4.0",
      "resolved": "https://registry.npmjs.org/d3-interpolate/-/d3-interpolate-1.4.0.tgz",
      "integrity": "sha512-V9znK0zc3jOPV4VD2zZn0sDhZU3WAE2bmlxdIwwQPPzPjvyLkd8B3JUVdS1IDUFDkWZ72c9qnv1GK2ZagTZ8EA==",
      "requires": {
        "d3-color": "1"
      }
    },
    "d3-path": {
      "version": "1.0.9",
      "resolved": "https://registry.npmjs.org/d3-path/-/d3-path-1.0.9.tgz",
      "integrity": "sha512-VLaYcn81dtHVTjEHd8B+pbe9yHWpXKZUC87PzoFmsFrJqgFwDe/qxfp5MlfsfM1V5E/iVt0MmEbWQ7FVIXh/bg=="
    },
    "d3-scale": {
      "version": "1.0.7",
      "resolved": "https://registry.npmjs.org/d3-scale/-/d3-scale-1.0.7.tgz",
      "integrity": "sha512-KvU92czp2/qse5tUfGms6Kjig0AhHOwkzXG0+PqIJB3ke0WUv088AHMZI0OssO9NCkXt4RP8yju9rpH8aGB7Lw==",
      "requires": {
        "d3-array": "^1.2.0",
        "d3-collection": "1",
        "d3-color": "1",
        "d3-format": "1",
        "d3-interpolate": "1",
        "d3-time": "1",
        "d3-time-format": "2"
      }
    },
    "d3-shape": {
      "version": "1.3.7",
      "resolved": "https://registry.npmjs.org/d3-shape/-/d3-shape-1.3.7.tgz",
      "integrity": "sha512-EUkvKjqPFUAZyOlhY5gzCxCeI0Aep04LwIRpsZ/mLFelJiUfnK56jo5JMDSE7yyP2kLSb6LtF+S5chMk7uqPqw==",
      "requires": {
        "d3-path": "1"
      }
    },
    "d3-time": {
      "version": "1.1.0",
      "resolved": "https://registry.npmjs.org/d3-time/-/d3-time-1.1.0.tgz",
      "integrity": "sha512-Xh0isrZ5rPYYdqhAVk8VLnMEidhz5aP7htAADH6MfzgmmicPkTo8LhkLxci61/lCB7n7UmE3bN0leRt+qvkLxA=="
    },
    "d3-time-format": {
      "version": "2.3.0",
      "resolved": "https://registry.npmjs.org/d3-time-format/-/d3-time-format-2.3.0.tgz",
      "integrity": "sha512-guv6b2H37s2Uq/GefleCDtbe0XZAuy7Wa49VGkPVPMfLL9qObgBST3lEHJBMUp8S7NdLQAGIvr2KXk8Hc98iKQ==",
      "requires": {
        "d3-time": "1"
      }
    },
    "d3-timer": {
      "version": "1.0.10",
      "resolved": "https://registry.npmjs.org/d3-timer/-/d3-timer-1.0.10.tgz",
      "integrity": "sha512-B1JDm0XDaQC+uvo4DT79H0XmBskgS3l6Ve+1SBCfxgmtIb1AVrPIoqd+nPSv+loMX8szQ0sVUhGngL7D5QPiXw=="
    },
    "d3-voronoi": {
      "version": "1.1.4",
      "resolved": "https://registry.npmjs.org/d3-voronoi/-/d3-voronoi-1.1.4.tgz",
      "integrity": "sha512-dArJ32hchFsrQ8uMiTBLq256MpnZjeuBtdHpaDlYuQyjU0CVzCJl/BVW+SkszaAeH95D/8gxqAhgx0ouAWAfRg=="
    },
    "delaunator": {
      "version": "4.0.1",
      "resolved": "https://registry.npmjs.org/delaunator/-/delaunator-4.0.1.tgz",
      "integrity": "sha512-WNPWi1IRKZfCt/qIDMfERkDp93+iZEmOxN2yy4Jg+Xhv8SLk2UTqqbe1sfiipn0and9QrE914/ihdx82Y/Giag=="
    },
    "delaunay-find": {
      "version": "0.0.5",
      "resolved": "https://registry.npmjs.org/delaunay-find/-/delaunay-find-0.0.5.tgz",
      "integrity": "sha512-7yAJ/wmKWj3SgqjtkGqT/RCwI0HWAo5YnHMoF5nYXD8cdci+YSo23iPmgrZUNOpDxRWN91PqxUvMMr2lKpjr+w==",
      "requires": {
        "delaunator": "^4.0.0"
      }
    },
    "internmap": {
      "version": "1.0.1",
      "resolved": "https://registry.npmjs.org/internmap/-/internmap-1.0.1.tgz",
      "integrity": "sha512-lDB5YccMydFBtasVtxnZ3MRBHuaoE8GKsppq+EchKL2U4nK/DmEpPHNH8MZe5HkMtpSiTSOZwfN0tzYjO/lJEw=="
    },
    "js-tokens": {
      "version": "4.0.0",
      "resolved": "https://registry.npmjs.org/js-tokens/-/js-tokens-4.0.0.tgz",
      "integrity": "sha512-RdJUflcE3cUzKiMqQgsCu06FPu9UdIJO0beYbPhHN4k6apgJtifcoCtT9bcxOpYBtpD2kCM6Sbzg4CausW/PKQ=="
    },
    "json-stringify-safe": {
      "version": "5.0.1",
      "resolved": "https://registry.npmjs.org/json-stringify-safe/-/json-stringify-safe-5.0.1.tgz",
      "integrity": "sha1-Epai1Y/UXxmg9s4B1lcB4sc1tus="
    },
    "lodash": {
      "version": "4.17.21",
      "resolved": "https://registry.npmjs.org/lodash/-/lodash-4.17.21.tgz",
      "integrity": "sha512-v2kDEe57lecTulaDIuNTPy3Ry4gLGJ6Z1O3vE1krgXZNrsQ+LFTGHVxVjcXPs17LhbZVGedAJv8XZ1tvj5FvSg=="
    },
    "loose-envify": {
      "version": "1.4.0",
      "resolved": "https://registry.npmjs.org/loose-envify/-/loose-envify-1.4.0.tgz",
      "integrity": "sha512-lyuxPGr/Wfhrlem2CL/UcnUc1zcqKAImBDzukY7Y5F/yQiNdko6+fRLevlw1HgMySw7f611UIY408EtxRSoK3Q==",
      "requires": {
        "js-tokens": "^3.0.0 || ^4.0.0"
      }
    },
    "object-assign": {
      "version": "4.1.1",
      "resolved": "https://registry.npmjs.org/object-assign/-/object-assign-4.1.1.tgz",
      "integrity": "sha1-IQmtx5ZYh8/AXLvUQsrIv7s2CGM="
    },
    "prop-types": {
      "version": "15.7.2",
      "resolved": "https://registry.npmjs.org/prop-types/-/prop-types-15.7.2.tgz",
      "integrity": "sha512-8QQikdH7//R2vurIJSutZ1smHYTcLpRWEOlHnzcWHmBYrOGUysKwSsrC89BCiFj3CbrfJ/nXFdJepOVrY1GCHQ==",
      "requires": {
        "loose-envify": "^1.4.0",
        "object-assign": "^4.1.1",
        "react-is": "^16.8.1"
      }
    },
    "react-fast-compare": {
      "version": "2.0.4",
      "resolved": "https://registry.npmjs.org/react-fast-compare/-/react-fast-compare-2.0.4.tgz",
      "integrity": "sha512-suNP+J1VU1MWFKcyt7RtjiSWUjvidmQSlqu+eHslq+342xCbGTYmC0mEhPCOHxlW0CywylOC1u2DFAT+bv4dBw=="
    },
    "react-is": {
      "version": "16.13.1",
      "resolved": "https://registry.npmjs.org/react-is/-/react-is-16.13.1.tgz",
      "integrity": "sha512-24e6ynE2H+OKt4kqsOvNd8kBpV65zoxbA4BVsEOB3ARVWQki/DHzaUoC5KuON/BiccDaCCTZBuOcfZs70kR8bQ=="
    },
    "victory": {
      "version": "35.4.11",
      "resolved": "https://registry.npmjs.org/victory/-/victory-35.4.11.tgz",
      "integrity": "sha512-sl+dwS6cMEBw0ibsUgzFjmmK7CIiha+0SzPVOC5vHkvAD/La+tiG/rGBFOCIiral1d0q+JxV+SBDJXq9jMgIPw==",
      "requires": {
        "victory-area": "^35.4.11",
        "victory-axis": "^35.4.11",
        "victory-bar": "^35.4.11",
        "victory-box-plot": "^35.4.11",
        "victory-brush-container": "^35.4.11",
        "victory-brush-line": "^35.4.11",
        "victory-candlestick": "^35.4.11",
        "victory-chart": "^35.4.11",
        "victory-core": "^35.4.11",
        "victory-create-container": "^35.4.11",
        "victory-cursor-container": "^35.4.11",
        "victory-errorbar": "^35.4.11",
        "victory-group": "^35.4.11",
        "victory-histogram": "^35.4.11",
        "victory-legend": "^35.4.11",
        "victory-line": "^35.4.11",
        "victory-pie": "^35.4.11",
        "victory-polar-axis": "^35.4.11",
        "victory-scatter": "^35.4.11",
        "victory-selection-container": "^35.4.11",
        "victory-shared-events": "^35.4.11",
        "victory-stack": "^35.4.11",
        "victory-tooltip": "^35.4.11",
        "victory-voronoi": "^35.4.11",
        "victory-voronoi-container": "^35.4.11",
        "victory-zoom-container": "^35.4.11"
      }
    },
    "victory-area": {
      "version": "35.4.11",
      "resolved": "https://registry.npmjs.org/victory-area/-/victory-area-35.4.11.tgz",
      "integrity": "sha512-5HHJhSe8sRUfvfGIC6U9UsbL9mkWCtbCCBjLFLkCb0STmLcaVd2hsahX7TqEIxvsRKgflGwRfd6MPKi64LYJrg==",
      "requires": {
        "d3-shape": "^1.2.0",
        "lodash": "^4.17.19",
        "prop-types": "^15.5.8",
        "victory-core": "^35.4.11"
      }
    },
    "victory-axis": {
      "version": "35.4.11",
      "resolved": "https://registry.npmjs.org/victory-axis/-/victory-axis-35.4.11.tgz",
      "integrity": "sha512-qrBWFXGCg3Nip0zZZxqjkPcrYSuIO44agXymNpLYey3XsNPSiQ/iwx6pcF6E34uENaB0wfDomQZgXIdGr8H6Qw==",
      "requires": {
        "lodash": "^4.17.19",
        "prop-types": "^15.5.8",
        "victory-core": "^35.4.11"
      }
    },
    "victory-bar": {
      "version": "35.4.11",
      "resolved": "https://registry.npmjs.org/victory-bar/-/victory-bar-35.4.11.tgz",
      "integrity": "sha512-/btO14sBFJjhqqi2f+MJ2nol4U272QanRPT6yAd9NGtIEeNXsxbjo6pD6se/fzX3BLMjeTP8Euif1xS0bmMjUA==",
      "requires": {
        "d3-shape": "^1.2.0",
        "lodash": "^4.17.19",
        "prop-types": "^15.5.8",
        "victory-core": "^35.4.11"
      }
    },
    "victory-box-plot": {
      "version": "35.4.11",
      "resolved": "https://registry.npmjs.org/victory-box-plot/-/victory-box-plot-35.4.11.tgz",
      "integrity": "sha512-k4fQH66A6I48ELoIk61c37+RhlhqU0OU5m6vvQ7VzTUJEQCYyA5v6FGMG4me2N+nIE11kNtE4Yoc2aWd5zHnIA==",
      "requires": {
        "d3-array": "^1.2.0",
        "lodash": "^4.17.19",
        "prop-types": "^15.5.8",
        "victory-core": "^35.4.11"
      }
    },
    "victory-brush-container": {
      "version": "35.4.11",
      "resolved": "https://registry.npmjs.org/victory-brush-container/-/victory-brush-container-35.4.11.tgz",
      "integrity": "sha512-eG1i58ddXRhCv4tibT+1p55aJs7f1RE4QyaAuYRNoIGtOAHc4tC5uImrU667N+q4KSUYreuKwC7r8sHxobGJNg==",
      "requires": {
        "lodash": "^4.17.19",
        "prop-types": "^15.5.8",
        "react-fast-compare": "^2.0.0",
        "victory-core": "^35.4.11"
      }
    },
    "victory-brush-line": {
      "version": "35.4.11",
      "resolved": "https://registry.npmjs.org/victory-brush-line/-/victory-brush-line-35.4.11.tgz",
      "integrity": "sha512-1jzHO1be2ciHnAg3BEg1GHxzAWwwHMFPvTwcygkeaGBKGo8WZdABRYa/6JVCK3mAKyx+E4ubsPcNhaCzrSlOFg==",
      "requires": {
        "lodash": "^4.17.19",
        "prop-types": "^15.5.8",
        "react-fast-compare": "^2.0.0",
        "victory-core": "^35.4.11"
      }
    },
    "victory-candlestick": {
      "version": "35.4.11",
      "resolved": "https://registry.npmjs.org/victory-candlestick/-/victory-candlestick-35.4.11.tgz",
      "integrity": "sha512-Xf1ICFFmBhlk8P/hV7KkYP0xi6+00PlqfWYu3eglW1FhkIB9smIIRgFDwOqDWauUVb+eTGgr+hWc8EgVDwO2pg==",
      "requires": {
        "lodash": "^4.17.19",
        "prop-types": "^15.5.8",
        "victory-core": "^35.4.11"
      }
    },
    "victory-chart": {
      "version": "35.4.11",
      "resolved": "https://registry.npmjs.org/victory-chart/-/victory-chart-35.4.11.tgz",
      "integrity": "sha512-LPdoVX8LVzmHjE6mQQMWNFfqy8WnuN5UnBiWiKhQB1HNiCwL2JPWsSqaDIdV8flGBKSZzKDgsLmMABxGjwfBcg==",
      "requires": {
        "lodash": "^4.17.19",
        "prop-types": "^15.5.8",
        "react-fast-compare": "^2.0.0",
        "victory-axis": "^35.4.11",
        "victory-core": "^35.4.11",
        "victory-polar-axis": "^35.4.11",
        "victory-shared-events": "^35.4.11"
      }
    },
    "victory-core": {
      "version": "35.4.11",
      "resolved": "https://registry.npmjs.org/victory-core/-/victory-core-35.4.11.tgz",
      "integrity": "sha512-vXcX9pgZqUN7FLFn1Z2SfzBBBu3PyyN46kfKaNjcJbVnhdxtnmN8MfYtXx3eJGIJlv0FsTrPY8fpBYQpYHho4w==",
      "requires": {
        "d3-ease": "^1.0.0",
        "d3-interpolate": "^1.1.1",
        "d3-scale": "^1.0.0",
        "d3-shape": "^1.2.0",
        "d3-timer": "^1.0.0",
        "lodash": "^4.17.19",
        "prop-types": "^15.5.8",
        "react-fast-compare": "^2.0.0"
      }
    },
    "victory-create-container": {
      "version": "35.4.11",
      "resolved": "https://registry.npmjs.org/victory-create-container/-/victory-create-container-35.4.11.tgz",
      "integrity": "sha512-v0CHqIvxupH76hBAcBe6nSwhqKOdnF7A94sLB0MCByeLI6ayWQ/PWRegjzYwYak2LjHvd9PvyChQkQhVstLGZw==",
      "requires": {
        "lodash": "^4.17.19",
        "victory-brush-container": "^35.4.11",
        "victory-core": "^35.4.11",
        "victory-cursor-container": "^35.4.11",
        "victory-selection-container": "^35.4.11",
        "victory-voronoi-container": "^35.4.11",
        "victory-zoom-container": "^35.4.11"
      }
    },
    "victory-cursor-container": {
      "version": "35.4.11",
      "resolved": "https://registry.npmjs.org/victory-cursor-container/-/victory-cursor-container-35.4.11.tgz",
      "integrity": "sha512-UUKzKUUAaiSqMgVQbY5Z/X4vwRMi3m6WVIhT+1NIv8q9SrLBY5qXb21WcuF2u5rKeq1hcyioC7ZiGG3j9ZkgOQ==",
      "requires": {
        "lodash": "^4.17.19",
        "prop-types": "^15.5.8",
        "victory-core": "^35.4.11"
      }
    },
    "victory-errorbar": {
      "version": "35.4.11",
      "resolved": "https://registry.npmjs.org/victory-errorbar/-/victory-errorbar-35.4.11.tgz",
      "integrity": "sha512-2QU1qVk4q73jHNw+a7MyjnWsnU7dhOhaBI/uMrlgd3cUY29xsKeLSlRw/yuHGQ7Ovn4WN7mMXBSULIWMcv76vg==",
      "requires": {
        "lodash": "^4.17.19",
        "prop-types": "^15.5.8",
        "victory-core": "^35.4.11"
      }
    },
    "victory-group": {
      "version": "35.4.11",
      "resolved": "https://registry.npmjs.org/victory-group/-/victory-group-35.4.11.tgz",
      "integrity": "sha512-pqb4n77MvopvCrLY8twjoFk6ariJD8nFG08uTLA83Phqo28J2TfWZBGzGES4/uLL/FIms4h7gtGcq5qgwlaLTQ==",
      "requires": {
        "lodash": "^4.17.19",
        "prop-types": "^15.5.8",
        "react-fast-compare": "^2.0.0",
        "victory-core": "^35.4.11",
        "victory-shared-events": "^35.4.11"
      }
    },
    "victory-histogram": {
      "version": "35.4.11",
      "resolved": "https://registry.npmjs.org/victory-histogram/-/victory-histogram-35.4.11.tgz",
      "integrity": "sha512-y9vsUJfsQK3vvDNozXz39LCes59xYcyXZmExe6uB/pr+2lr0PtM8FAQAD2u0Vdc35h1ObTGuqqhdj7gXc9nezw==",
      "requires": {
        "d3-array": "^2.4.0",
        "d3-scale": "^1.0.0",
        "lodash": "^4.17.19",
        "prop-types": "^15.5.8",
        "react-fast-compare": "^2.0.0",
        "victory-bar": "^35.4.11",
        "victory-core": "^35.4.11"
      },
      "dependencies": {
        "d3-array": {
          "version": "2.12.0",
          "resolved": "https://registry.npmjs.org/d3-array/-/d3-array-2.12.0.tgz",
          "integrity": "sha512-T6H/qNldyD/1OlRkJbonb3u3MPhNwju8OPxYv0YSjDb/B2RUeeBEHzIpNrYiinwpmz8+am+puMrpcrDWgY9wRg==",
          "requires": {
            "internmap": "^1.0.0"
          }
        }
      }
    },
    "victory-legend": {
      "version": "35.4.11",
      "resolved": "https://registry.npmjs.org/victory-legend/-/victory-legend-35.4.11.tgz",
      "integrity": "sha512-3E5DKYrkrqtC1YeqNHixRpfXYHo9qumBjLnfaP6IF/06R5sn5o5LdYHT0yz8ATXDL0AxZqRM2q6Au9Mwvcq2xg==",
      "requires": {
        "lodash": "^4.17.19",
        "prop-types": "^15.5.8",
        "victory-core": "^35.4.11"
      }
    },
    "victory-line": {
      "version": "35.4.11",
      "resolved": "https://registry.npmjs.org/victory-line/-/victory-line-35.4.11.tgz",
      "integrity": "sha512-LmkvY1wMvXhBYvnafaZbSS7JiOgGEJ0+qy3HuTtT66THOKBuxAo0T66BsURFTN7LpFvjBz2QRehrtJ/KWfOz9A==",
      "requires": {
        "d3-shape": "^1.2.0",
        "lodash": "^4.17.19",
        "prop-types": "^15.5.8",
        "victory-core": "^35.4.11"
      }
    },
    "victory-pie": {
      "version": "35.4.11",
      "resolved": "https://registry.npmjs.org/victory-pie/-/victory-pie-35.4.11.tgz",
      "integrity": "sha512-AAfm3oUQRTOMfMMWQh5spMq0YdnY+DU9V8NbU/TBmBmgvVwWcZQOZqHlYb4rd21HL26VwcHeRe+EfXdLLV7vHg==",
      "requires": {
        "d3-shape": "^1.0.0",
        "lodash": "^4.17.19",
        "prop-types": "^15.5.8",
        "victory-core": "^35.4.11"
      }
    },
    "victory-polar-axis": {
      "version": "35.4.11",
      "resolved": "https://registry.npmjs.org/victory-polar-axis/-/victory-polar-axis-35.4.11.tgz",
      "integrity": "sha512-yLrZ/PfcCRvw98zUBPB+LK9EoiYLBjellnILI3nAT5vCvKg1AnmBdF0lLuz0tM9jfcFdCL+1o2IO+r+OHKWTnw==",
      "requires": {
        "lodash": "^4.17.19",
        "prop-types": "^15.5.8",
        "victory-core": "^35.4.11"
      }
    },
    "victory-scatter": {
      "version": "35.4.11",
      "resolved": "https://registry.npmjs.org/victory-scatter/-/victory-scatter-35.4.11.tgz",
      "integrity": "sha512-IKcYa9tYwO2OIn12AotySRzpQ+tWAy71i/sdckw3lh3FBWDk6Zq+PVlICYDgKLuTsV2bUDQixYZGDQ5lcNIcmw==",
      "requires": {
        "lodash": "^4.17.19",
        "prop-types": "^15.5.8",
        "victory-core": "^35.4.11"
      }
    },
    "victory-selection-container": {
      "version": "35.4.11",
      "resolved": "https://registry.npmjs.org/victory-selection-container/-/victory-selection-container-35.4.11.tgz",
      "integrity": "sha512-+yuUd+Clt+BFD+moFgPCuU1pbiJrHwzncovUEnfKO668HKgEr1HbR67sd2ZDLVULhfG1JRwGnbzWAYnQBcjEoA==",
      "requires": {
        "lodash": "^4.17.19",
        "prop-types": "^15.5.8",
        "victory-core": "^35.4.11"
      }
    },
    "victory-shared-events": {
      "version": "35.4.11",
      "resolved": "https://registry.npmjs.org/victory-shared-events/-/victory-shared-events-35.4.11.tgz",
      "integrity": "sha512-OjoqLfIHX82iThVbZmytMDddzIKLTkIhfB2+qptGA7/2VKInmdQXi5IUjp904YJZls7oLLRMwXsGEwKKvZLLBw==",
      "requires": {
        "json-stringify-safe": "^5.0.1",
        "lodash": "^4.17.19",
        "prop-types": "^15.5.8",
        "react-fast-compare": "^2.0.0",
        "victory-core": "^35.4.11"
      }
    },
    "victory-stack": {
      "version": "35.4.11",
      "resolved": "https://registry.npmjs.org/victory-stack/-/victory-stack-35.4.11.tgz",
      "integrity": "sha512-NVVe1CI+BsKinJEFIfinOFex3cESI/NbeVG6lSJmxHkmh56B3ICYJvXbgLSTS5WKcExbSe6bkB3mMJrEZf1+eA==",
      "requires": {
        "lodash": "^4.17.19",
        "prop-types": "^15.5.8",
        "react-fast-compare": "^2.0.0",
        "victory-core": "^35.4.11",
        "victory-shared-events": "^35.4.11"
      }
    },
    "victory-tooltip": {
      "version": "35.4.11",
      "resolved": "https://registry.npmjs.org/victory-tooltip/-/victory-tooltip-35.4.11.tgz",
      "integrity": "sha512-nyhENyuy5/7Swl3H/q9T9g04TniPyE6vNvN+xkJw+KIHL8FivajjY7xtZhcUoid6ZUKWjcaYI1wu/TUpX9uMCg==",
      "requires": {
        "lodash": "^4.17.19",
        "prop-types": "^15.5.8",
        "victory-core": "^35.4.11"
      }
    },
    "victory-voronoi": {
      "version": "35.4.11",
      "resolved": "https://registry.npmjs.org/victory-voronoi/-/victory-voronoi-35.4.11.tgz",
      "integrity": "sha512-mPx8UcwPqGHaCDOIbTVD3/wOqBnelZqc6r6ssJfb3FT977t0kSJBrFC6a5NVopumvlPGONA4iZRCMVOu6aiirg==",
      "requires": {
        "d3-voronoi": "^1.1.2",
        "lodash": "^4.17.19",
        "prop-types": "^15.5.8",
        "victory-core": "^35.4.11"
      }
    },
    "victory-voronoi-container": {
      "version": "35.4.11",
      "resolved": "https://registry.npmjs.org/victory-voronoi-container/-/victory-voronoi-container-35.4.11.tgz",
      "integrity": "sha512-3KL5pN46+S0N1GSnNaTILgSXrmW/8Y6WryWhxlv/dgcDGd9j9V5gNF1OVBjqPeCYyu1jlszXB+PxMcE1CaCYEQ==",
      "requires": {
        "delaunay-find": "0.0.5",
        "lodash": "^4.17.19",
        "prop-types": "^15.5.8",
        "react-fast-compare": "^2.0.0",
        "victory-core": "^35.4.11",
        "victory-tooltip": "^35.4.11"
      }
    },
    "victory-zoom-container": {
      "version": "35.4.11",
      "resolved": "https://registry.npmjs.org/victory-zoom-container/-/victory-zoom-container-35.4.11.tgz",
      "integrity": "sha512-iCbBU2enQLAkFmOC2rqV1xh8voC+kgDoaxjlXsh39dkK7bjkzGHS7N4zFcIN31tJtulSzR1w3X/owjK3dTzHkQ==",
      "requires": {
        "lodash": "^4.17.19",
        "prop-types": "^15.5.8",
        "victory-core": "^35.4.11"
      }
    }
  }
}
